{
  "name": "cm-pgnviewer",
  "version": "1.0.0",
  "lockfileVersion": 3,
  "requires": true,
  "packages": {
    "": {
      "name": "cm-pgnviewer",
      "version": "1.0.0",
      "license": "ISC",
      "dependencies": {
        "chess.mjs": "file:../chess.mjs",
        "cm-chess": "file:../cm-chess",
        "cm-chessboard": "file:../cm-chessboard",
        "cm-pgn": "file:../cm-pgn"
      }
    },
    "../chess.mjs": {
      "version": "2.2.2",
      "license": "BSD-2-Clause",
      "devDependencies": {
        "teevi": "^2.2.4"
      }
    },
    "../cm-chess": {
      "version": "3.5.1",
      "license": "MIT",
      "dependencies": {
        "chess.mjs": "^1.4.0",
        "cm-pgn": "3.3.2"
      },
      "devDependencies": {
        "teevi": "^2.2.4"
      }
    },
    "../cm-chessboard": {
      "version": "8.10.0",
      "license": "MIT",
      "devDependencies": {
        "teevi": "^2.2.4"
      }
    },
    "../cm-pgn": {
      "version": "4.0.6",
      "license": "MIT",
      "dependencies": {
        "chess.mjs": "^2.2.3"
      },
      "devDependencies": {
        "pegjs": "^0.10.0",
        "teevi": "^2.2.4"
      }
    },
    "node_modules/chess.mjs": {
      "resolved": "../chess.mjs",
      "link": true
    },
    "node_modules/cm-chess": {
      "resolved": "../cm-chess",
      "link": true
    },
    "node_modules/cm-chessboard": {
      "resolved": "../cm-chessboard",
      "link": true
    },
    "node_modules/cm-pgn": {
      "resolved": "../cm-pgn",
      "link": true
    }
  }
}
